
Microsoft Visual Studio Solution File, Format Version 12.00
# Visual Studio Version 16
VisualStudioVersion = 16.0.29709.97
MinimumVisualStudioVersion = 10.0.40219.1
Project("{2150E333-8FDC-42A3-9474-1A3956D46DE8}") = "Microservices", "Microservices", "{0FE572D4-56AA-4B45-818D-BAF2D88B3990}"
EndProject
Project("{9A19103F-16F7-4668-BE54-9A1E7A4F7556}") = "Gateway.WebApi", "Gateway.WebApi\Gateway.WebApi.csproj", "{1AB72BB9-B2D3-4269-B0DD-03811CE7DC3A}"
EndProject
Project("{9A19103F-16F7-4668-BE54-9A1E7A4F7556}") = "Identity.Microservice", "Identity.Microservice\Identity.Microservice.csproj", "{EC1DB492-99E9-48ED-A0F7-EC7C0D1D0193}"
	ProjectSection(ProjectDependencies) = postProject
		{94EA7FA1-0525-49EE-A94B-71EC91F7F34B} = {94EA7FA1-0525-49EE-A94B-71EC91F7F34B}
	EndProjectSection
EndProject
Project("{9A19103F-16F7-4668-BE54-9A1E7A4F7556}") = "Books.Microservice", "Books.Microservice\Books.Microservice.csproj", "{962C63B2-C211-40E1-99A5-DC051DD59D88}"
	ProjectSection(ProjectDependencies) = postProject
		{94EA7FA1-0525-49EE-A94B-71EC91F7F34B} = {94EA7FA1-0525-49EE-A94B-71EC91F7F34B}
	EndProjectSection
EndProject
Project("{2150E333-8FDC-42A3-9474-1A3956D46DE8}") = "BuildingBlocks", "BuildingBlocks", "{8D163EBC-FC81-425C-A408-CA00D17FEFB3}"
EndProject
Project("{FAE04EC0-301F-11D3-BF4B-00C04F79EFBC}") = "EventBus.Messages", "C:\Users\selise\source\repos\NirbachitoBoi\BuildingBlocks\src\EventBus.Messages\EventBus.Messages.csproj", "{94EA7FA1-0525-49EE-A94B-71EC91F7F34B}"
EndProject
Global
	GlobalSection(SolutionConfigurationPlatforms) = preSolution
		Debug|Any CPU = Debug|Any CPU
		Release|Any CPU = Release|Any CPU
	EndGlobalSection
	GlobalSection(ProjectConfigurationPlatforms) = postSolution
		{1AB72BB9-B2D3-4269-B0DD-03811CE7DC3A}.Debug|Any CPU.ActiveCfg = Debug|Any CPU
		{1AB72BB9-B2D3-4269-B0DD-03811CE7DC3A}.Debug|Any CPU.Build.0 = Debug|Any CPU
		{1AB72BB9-B2D3-4269-B0DD-03811CE7DC3A}.Release|Any CPU.ActiveCfg = Release|Any CPU
		{1AB72BB9-B2D3-4269-B0DD-03811CE7DC3A}.Release|Any CPU.Build.0 = Release|Any CPU
		{EC1DB492-99E9-48ED-A0F7-EC7C0D1D0193}.Debug|Any CPU.ActiveCfg = Debug|Any CPU
		{EC1DB492-99E9-48ED-A0F7-EC7C0D1D0193}.Debug|Any CPU.Build.0 = Debug|Any CPU
		{EC1DB492-99E9-48ED-A0F7-EC7C0D1D0193}.Release|Any CPU.ActiveCfg = Release|Any CPU
		{EC1DB492-99E9-48ED-A0F7-EC7C0D1D0193}.Release|Any CPU.Build.0 = Release|Any CPU
		{962C63B2-C211-40E1-99A5-DC051DD59D88}.Debug|Any CPU.ActiveCfg = Debug|Any CPU
		{962C63B2-C211-40E1-99A5-DC051DD59D88}.Debug|Any CPU.Build.0 = Debug|Any CPU
		{962C63B2-C211-40E1-99A5-DC051DD59D88}.Release|Any CPU.ActiveCfg = Release|Any CPU
		{962C63B2-C211-40E1-99A5-DC051DD59D88}.Release|Any CPU.Build.0 = Release|Any CPU
		{94EA7FA1-0525-49EE-A94B-71EC91F7F34B}.Debug|Any CPU.ActiveCfg = Debug|Any CPU
		{94EA7FA1-0525-49EE-A94B-71EC91F7F34B}.Debug|Any CPU.Build.0 = Debug|Any CPU
		{94EA7FA1-0525-49EE-A94B-71EC91F7F34B}.Release|Any CPU.ActiveCfg = Release|Any CPU
		{94EA7FA1-0525-49EE-A94B-71EC91F7F34B}.Release|Any CPU.Build.0 = Release|Any CPU
	EndGlobalSection
	GlobalSection(SolutionProperties) = preSolution
		HideSolutionNode = FALSE
	EndGlobalSection
	GlobalSection(NestedProjects) = preSolution
		{EC1DB492-99E9-48ED-A0F7-EC7C0D1D0193} = {0FE572D4-56AA-4B45-818D-BAF2D88B3990}
		{962C63B2-C211-40E1-99A5-DC051DD59D88} = {0FE572D4-56AA-4B45-818D-BAF2D88B3990}
		{94EA7FA1-0525-49EE-A94B-71EC91F7F34B} = {8D163EBC-FC81-425C-A408-CA00D17FEFB3}
	EndGlobalSection
	GlobalSection(ExtensibilityGlobals) = postSolution
		SolutionGuid = {00449659-709F-4F9E-A2B5-09B8DACFCDB8}
	EndGlobalSection
EndGlobal
